
Microsoft Visual Studio Solution File, Format Version 12.00
# Visual Studio 2013
VisualStudioVersion = 12.0.30723.0
MinimumVisualStudioVersion = 10.0.40219.1
Project("{FAE04EC0-301F-11D3-BF4B-00C04F79EFBC}") = "Fohjin.DDD.Reporting", "Fohjin.DDD.Reporting\Fohjin.DDD.Reporting.csproj", "{0E86D5C6-929D-4304-A00D-ADC9FB2AFE77}"
EndProject
Project("{FAE04EC0-301F-11D3-BF4B-00C04F79EFBC}") = "Test.Fohjin.DDD", "Test.Fohjin.DDD\Test.Fohjin.DDD.csproj", "{CEBF24CE-3326-464B-B6C5-463E7F4BF4BC}"
EndProject
Project("{FAE04EC0-301F-11D3-BF4B-00C04F79EFBC}") = "Fohjin.DDD.Events", "Fohjin.DDD.Events\Fohjin.DDD.Events.csproj", "{CFB4C037-822D-470E-8A01-832957D193C9}"
EndProject
Project("{FAE04EC0-301F-11D3-BF4B-00C04F79EFBC}") = "Fohjin.DDD.Commands", "Fohjin.DDD.Commands\Fohjin.DDD.Commands.csproj", "{58D61FA0-D67F-4D72-81EA-2D709356AF95}"
EndProject
Project("{FAE04EC0-301F-11D3-BF4B-00C04F79EFBC}") = "Fohjin.DDD.Domain", "Fohjin.DDD.Domain\Fohjin.DDD.Domain.csproj", "{0FB24C8F-FA8C-409E-A71C-8580F7D78474}"
EndProject
Project("{FAE04EC0-301F-11D3-BF4B-00C04F79EFBC}") = "Fohjin.DDD.CommandHandlers", "Fohjin.DDD.CommandHandlers\Fohjin.DDD.CommandHandlers.csproj", "{7757DA0F-CD51-4753-95C8-8632177AA60E}"
EndProject
Project("{FAE04EC0-301F-11D3-BF4B-00C04F79EFBC}") = "Fohjin.DDD.Configuration", "Fohjin.DDD.Configuration\Fohjin.DDD.Configuration.csproj", "{CF50373D-3EB9-492D-A88F-70D7D6756DFF}"
EndProject
Project("{FAE04EC0-301F-11D3-BF4B-00C04F79EFBC}") = "Fohjin.DDD.BankApplication", "Fohjin.DDD.BankApplication\Fohjin.DDD.BankApplication.csproj", "{672A4AB0-6972-49F1-86A6-C2B7DE5AD4D4}"
EndProject
Project("{FAE04EC0-301F-11D3-BF4B-00C04F79EFBC}") = "Fohjin.DDD.Reporting.Dto", "Fohjin.DDD.Reporting.Dto\Fohjin.DDD.Reporting.Dto.csproj", "{44666AF0-AC7A-486E-AD1F-49FD0573ED43}"
EndProject
Project("{FAE04EC0-301F-11D3-BF4B-00C04F79EFBC}") = "Fohjin.DDD.EventHandlers", "Fohjin.DDD.EventHandlers\Fohjin.DDD.EventHandlers.csproj", "{2A96D452-7D1D-4118-B3D4-8EF543D1FBCB}"
EndProject
Project("{FAE04EC0-301F-11D3-BF4B-00C04F79EFBC}") = "Fohjin.DDD.EventStore.SQLite", "Fohjin.DDD.EventStore.SQLite\Fohjin.DDD.EventStore.SQLite.csproj", "{8DE1C044-594E-4A85-8244-FE059BF4825B}"
EndProject
Project("{FAE04EC0-301F-11D3-BF4B-00C04F79EFBC}") = "Fohjin.DDD.Services", "Fohjin.DDD.Services\Fohjin.DDD.Services.csproj", "{B2428304-1BF2-4BCB-B250-7D09E536560A}"
EndProject
Project("{FAE04EC0-301F-11D3-BF4B-00C04F79EFBC}") = "Fohjin.DDD.EventStore", "Fohjin.DDD.EventStore\Fohjin.DDD.EventStore.csproj", "{318F1FE0-DA43-4A02-9956-361C9FE96915}"
EndProject
Project("{FAE04EC0-301F-11D3-BF4B-00C04F79EFBC}") = "Fohjin.DDD.Bus", "Fohjin.DDD.Bus\Fohjin.DDD.Bus.csproj", "{809E2C9E-8ACD-40D5-86C8-43256C3D8AA8}"
EndProject
Project("{FAE04EC0-301F-11D3-BF4B-00C04F79EFBC}") = "Fohjin", "Fohjin\Fohjin.csproj", "{202FEBE5-F8A1-4A68-8306-75FDE33E0D45}"
EndProject
Global
	GlobalSection(SolutionConfigurationPlatforms) = preSolution
		Debug|x86 = Debug|x86
		Release|x86 = Release|x86
	EndGlobalSection
	GlobalSection(ProjectConfigurationPlatforms) = postSolution
		{0E86D5C6-929D-4304-A00D-ADC9FB2AFE77}.Debug|x86.ActiveCfg = Debug|x86
		{0E86D5C6-929D-4304-A00D-ADC9FB2AFE77}.Debug|x86.Build.0 = Debug|x86
		{0E86D5C6-929D-4304-A00D-ADC9FB2AFE77}.Release|x86.ActiveCfg = Release|x86
		{0E86D5C6-929D-4304-A00D-ADC9FB2AFE77}.Release|x86.Build.0 = Release|x86
		{CEBF24CE-3326-464B-B6C5-463E7F4BF4BC}.Debug|x86.ActiveCfg = Debug|x86
		{CEBF24CE-3326-464B-B6C5-463E7F4BF4BC}.Debug|x86.Build.0 = Debug|x86
		{CEBF24CE-3326-464B-B6C5-463E7F4BF4BC}.Release|x86.ActiveCfg = Release|x86
		{CEBF24CE-3326-464B-B6C5-463E7F4BF4BC}.Release|x86.Build.0 = Release|x86
		{CFB4C037-822D-470E-8A01-832957D193C9}.Debug|x86.ActiveCfg = Debug|x86
		{CFB4C037-822D-470E-8A01-832957D193C9}.Debug|x86.Build.0 = Debug|x86
		{CFB4C037-822D-470E-8A01-832957D193C9}.Release|x86.ActiveCfg = Release|x86
		{CFB4C037-822D-470E-8A01-832957D193C9}.Release|x86.Build.0 = Release|x86
		{58D61FA0-D67F-4D72-81EA-2D709356AF95}.Debug|x86.ActiveCfg = Debug|x86
		{58D61FA0-D67F-4D72-81EA-2D709356AF95}.Debug|x86.Build.0 = Debug|x86
		{58D61FA0-D67F-4D72-81EA-2D709356AF95}.Release|x86.ActiveCfg = Release|x86
		{58D61FA0-D67F-4D72-81EA-2D709356AF95}.Release|x86.Build.0 = Release|x86
		{0FB24C8F-FA8C-409E-A71C-8580F7D78474}.Debug|x86.ActiveCfg = Debug|x86
		{0FB24C8F-FA8C-409E-A71C-8580F7D78474}.Debug|x86.Build.0 = Debug|x86
		{0FB24C8F-FA8C-409E-A71C-8580F7D78474}.Release|x86.ActiveCfg = Release|x86
		{0FB24C8F-FA8C-409E-A71C-8580F7D78474}.Release|x86.Build.0 = Release|x86
		{7757DA0F-CD51-4753-95C8-8632177AA60E}.Debug|x86.ActiveCfg = Debug|x86
		{7757DA0F-CD51-4753-95C8-8632177AA60E}.Debug|x86.Build.0 = Debug|x86
		{7757DA0F-CD51-4753-95C8-8632177AA60E}.Release|x86.ActiveCfg = Release|x86
		{7757DA0F-CD51-4753-95C8-8632177AA60E}.Release|x86.Build.0 = Release|x86
		{CF50373D-3EB9-492D-A88F-70D7D6756DFF}.Debug|x86.ActiveCfg = Debug|x86
		{CF50373D-3EB9-492D-A88F-70D7D6756DFF}.Debug|x86.Build.0 = Debug|x86
		{CF50373D-3EB9-492D-A88F-70D7D6756DFF}.Release|x86.ActiveCfg = Release|x86
		{CF50373D-3EB9-492D-A88F-70D7D6756DFF}.Release|x86.Build.0 = Release|x86
		{672A4AB0-6972-49F1-86A6-C2B7DE5AD4D4}.Debug|x86.ActiveCfg = Debug|x86
		{672A4AB0-6972-49F1-86A6-C2B7DE5AD4D4}.Debug|x86.Build.0 = Debug|x86
		{672A4AB0-6972-49F1-86A6-C2B7DE5AD4D4}.Release|x86.ActiveCfg = Release|x86
		{672A4AB0-6972-49F1-86A6-C2B7DE5AD4D4}.Release|x86.Build.0 = Release|x86
		{44666AF0-AC7A-486E-AD1F-49FD0573ED43}.Debug|x86.ActiveCfg = Debug|x86
		{44666AF0-AC7A-486E-AD1F-49FD0573ED43}.Debug|x86.Build.0 = Debug|x86
		{44666AF0-AC7A-486E-AD1F-49FD0573ED43}.Release|x86.ActiveCfg = Release|x86
		{44666AF0-AC7A-486E-AD1F-49FD0573ED43}.Release|x86.Build.0 = Release|x86
		{2A96D452-7D1D-4118-B3D4-8EF543D1FBCB}.Debug|x86.ActiveCfg = Debug|x86
		{2A96D452-7D1D-4118-B3D4-8EF543D1FBCB}.Debug|x86.Build.0 = Debug|x86
		{2A96D452-7D1D-4118-B3D4-8EF543D1FBCB}.Release|x86.ActiveCfg = Release|x86
		{2A96D452-7D1D-4118-B3D4-8EF543D1FBCB}.Release|x86.Build.0 = Release|x86
		{8DE1C044-594E-4A85-8244-FE059BF4825B}.Debug|x86.ActiveCfg = Debug|x86
		{8DE1C044-594E-4A85-8244-FE059BF4825B}.Debug|x86.Build.0 = Debug|x86
		{8DE1C044-594E-4A85-8244-FE059BF4825B}.Release|x86.ActiveCfg = Release|x86
		{8DE1C044-594E-4A85-8244-FE059BF4825B}.Release|x86.Build.0 = Release|x86
		{B2428304-1BF2-4BCB-B250-7D09E536560A}.Debug|x86.ActiveCfg = Debug|x86
		{B2428304-1BF2-4BCB-B250-7D09E536560A}.Debug|x86.Build.0 = Debug|x86
		{B2428304-1BF2-4BCB-B250-7D09E536560A}.Release|x86.ActiveCfg = Release|x86
		{B2428304-1BF2-4BCB-B250-7D09E536560A}.Release|x86.Build.0 = Release|x86
		{318F1FE0-DA43-4A02-9956-361C9FE96915}.Debug|x86.ActiveCfg = Debug|x86
		{318F1FE0-DA43-4A02-9956-361C9FE96915}.Debug|x86.Build.0 = Debug|x86
		{318F1FE0-DA43-4A02-9956-361C9FE96915}.Release|x86.ActiveCfg = Release|x86
		{318F1FE0-DA43-4A02-9956-361C9FE96915}.Release|x86.Build.0 = Release|x86
		{809E2C9E-8ACD-40D5-86C8-43256C3D8AA8}.Debug|x86.ActiveCfg = Debug|x86
		{809E2C9E-8ACD-40D5-86C8-43256C3D8AA8}.Debug|x86.Build.0 = Debug|x86
		{809E2C9E-8ACD-40D5-86C8-43256C3D8AA8}.Release|x86.ActiveCfg = Release|x86
		{809E2C9E-8ACD-40D5-86C8-43256C3D8AA8}.Release|x86.Build.0 = Release|x86
		{202FEBE5-F8A1-4A68-8306-75FDE33E0D45}.Debug|x86.ActiveCfg = Debug|x86
		{202FEBE5-F8A1-4A68-8306-75FDE33E0D45}.Debug|x86.Build.0 = Debug|x86
		{202FEBE5-F8A1-4A68-8306-75FDE33E0D45}.Release|x86.ActiveCfg = Release|x86
		{202FEBE5-F8A1-4A68-8306-75FDE33E0D45}.Release|x86.Build.0 = Release|x86
	EndGlobalSection
	GlobalSection(SolutionProperties) = preSolution
		HideSolutionNode = FALSE
	EndGlobalSection
EndGlobal
